
Microsoft Visual Studio Solution File, Format Version 12.00
# Visual Studio Version 16
VisualStudioVersion = 16.0.810.16
MinimumVisualStudioVersion = 10.0.40219.1
Project("{FAE04EC0-301F-11D3-BF4B-00C04F79EFBC}") = "TimetrackerForProjects", "TimetrackerForProjects\TimetrackerForProjects.csproj", "{9C2285F0-CCBA-45CC-9547-E103F8F07D34}"
EndProject
Global
	GlobalSection(SolutionConfigurationPlatforms) = preSolution
		Debug|Any CPU = Debug|Any CPU
		Release|Any CPU = Release|Any CPU
	EndGlobalSection
	GlobalSection(ProjectConfigurationPlatforms) = postSolution
		{9C2285F0-CCBA-45CC-9547-E103F8F07D34}.Debug|Any CPU.ActiveCfg = Debug|Any CPU
		{9C2285F0-CCBA-45CC-9547-E103F8F07D34}.Debug|Any CPU.Build.0 = Debug|Any CPU
		{9C2285F0-CCBA-45CC-9547-E103F8F07D34}.Release|Any CPU.ActiveCfg = Release|Any CPU
		{9C2285F0-CCBA-45CC-9547-E103F8F07D34}.Release|Any CPU.Build.0 = Release|Any CPU
	EndGlobalSection
	GlobalSection(SolutionProperties) = preSolution
		HideSolutionNode = FALSE
	EndGlobalSection
	GlobalSection(ExtensibilityGlobals) = postSolution
		SolutionGuid = {BCDBCA4C-9E0E-4EFE-8945-EA7B432BA9D9}
	EndGlobalSection
EndGlobal
